
Microsoft Visual Studio Solution File, Format Version 12.00
# Visual Studio Version 17
VisualStudioVersion = 17.4.33213.308
MinimumVisualStudioVersion = 10.0.40219.1
Project("{FAE04EC0-301F-11D3-BF4B-00C04F79EFBC}") = "question9", "question9\question9.csproj", "{BA2B1F0D-B024-4876-A157-547B0B38E59B}"
EndProject
Global
	GlobalSection(SolutionConfigurationPlatforms) = preSolution
		Debug|Any CPU = Debug|Any CPU
		Release|Any CPU = Release|Any CPU
	EndGlobalSection
	GlobalSection(ProjectConfigurationPlatforms) = postSolution
		{BA2B1F0D-B024-4876-A157-547B0B38E59B}.Debug|Any CPU.ActiveCfg = Debug|Any CPU
		{BA2B1F0D-B024-4876-A157-547B0B38E59B}.Debug|Any CPU.Build.0 = Debug|Any CPU
		{BA2B1F0D-B024-4876-A157-547B0B38E59B}.Release|Any CPU.ActiveCfg = Release|Any CPU
		{BA2B1F0D-B024-4876-A157-547B0B38E59B}.Release|Any CPU.Build.0 = Release|Any CPU
	EndGlobalSection
	GlobalSection(SolutionProperties) = preSolution
		HideSolutionNode = FALSE
	EndGlobalSection
	GlobalSection(ExtensibilityGlobals) = postSolution
		SolutionGuid = {A0DEC867-BBD3-4C45-A4AF-D88449D5603A}
	EndGlobalSection
EndGlobal
